// !$*UTF8*$!
{
	archiveVersion = 1;
	classes = {
	};
	objectVersion = 46;
	objects = {

/* Begin PBXBuildFile section */
		F908710E1C6068A9001F5B7E /* CalculatorBrain.swift in Sources */ = {isa = PBXBuildFile; fileRef = F908710D1C6068A9001F5B7E /* CalculatorBrain.swift */; };
		F9EFE6641C5F16DF00AE1818 /* AppDelegate.swift in Sources */ = {isa = PBXBuildFile; fileRef = F9EFE6631C5F16DF00AE1818 /* AppDelegate.swift */; };
		F9EFE6661C5F16DF00AE1818 /* ViewController.swift in Sources */ = {isa = PBXBuildFile; fileRef = F9EFE6651C5F16DF00AE1818 /* ViewController.swift */; };
		F9EFE6691C5F16DF00AE1818 /* Main.storyboard in Resources */ = {isa = PBXBuildFile; fileRef = F9EFE6671C5F16DF00AE1818 /* Main.storyboard */; };
		F9EFE66B1C5F16DF00AE1818 /* Assets.xcassets in Resources */ = {isa = PBXBuildFile; fileRef = F9EFE66A1C5F16DF00AE1818 /* Assets.xcassets */; };
		F9EFE66E1C5F16DF00AE1818 /* LaunchScreen.storyboard in Resources */ = {isa = PBXBuildFile; fileRef = F9EFE66C1C5F16DF00AE1818 /* LaunchScreen.storyboard */; };
/* End PBXBuildFile section */

/* Begin PBXFileReference section */
		F908710D1C6068A9001F5B7E /* CalculatorBrain.swift */ = {isa = PBXFileReference; fileEncoding = 4; lastKnownFileType = sourcecode.swift; path = CalculatorBrain.swift; sourceTree = "<group>"; };
		F9EFE6601C5F16DF00AE1818 /* Calculator.app */ = {isa = PBXFileReference; explicitFileType = wrapper.application; includeInIndex = 0; path = Calculator.app; sourceTree = BUILT_PRODUCTS_DIR; };
		F9EFE6631C5F16DF00AE1818 /* AppDelegate.swift */ = {isa = PBXFileReference; lastKnownFileType = sourcecode.swift; path = AppDelegate.swift; sourceTree = "<group>"; };
		F9EFE6651C5F16DF00AE1818 /* ViewController.swift */ = {isa = PBXFileReference; lastKnownFileType = sourcecode.swift; path = ViewController.swift; sourceTree = "<group>"; };
		F9EFE6681C5F16DF00AE1818 /* Base */ = {isa = PBXFileReference; lastKnownFileType = file.storyboard; name = Base; path = Base.lproj/Main.storyboard; sourceTree = "<group>"; };
		F9EFE66A1C5F16DF00AE1818 /* Assets.xcassets */ = {isa = PBXFileReference; lastKnownFileType = folder.assetcatalog; path = Assets.xcassets; sourceTree = "<group>"; };
		F9EFE66D1C5F16DF00AE1818 /* Base */ = {isa = PBXFileReference; lastKnownFileType = file.storyboard; name = Base; path = Base.lproj/LaunchScreen.storyboard; sourceTree = "<group>"; };
		F9EFE66F1C5F16DF00AE1818 /* Info.plist */ = {isa = PBXFileReference; lastKnownFileType = text.plist.xml; path = Info.plist; sourceTree = "<group>"; };
/* End PBXFileReference section */

/* Begin PBXFrameworksBuildPhase section */
		F9EFE65D1C5F16DF00AE1818 /* Frameworks */ = {
			isa = PBXFrameworksBuildPhase;
			buildActionMask = 2147483647;
			files = (
			);
			runOnlyForDeploymentPostprocessing = 0;
		};
/* End PBXFrameworksBuildPhase section */

/* Begin PBXGroup section */
		F9EFE6571C5F16DF00AE1818 = {
			isa = PBXGroup;
			children = (
				F9EFE6621C5F16DF00AE1818 /* Calculator */,
				F9EFE6611C5F16DF00AE1818 /* Products */,
			);
			sourceTree = "<group>";
		};
		F9EFE6611C5F16DF00AE1818 /* Products */ = {
			isa = PBXGroup;
			children = (
				F9EFE6601C5F16DF00AE1818 /* Calculator.app */,
			);
			name = Products;
			sourceTree = "<group>";
		};
		F9EFE6621C5F16DF00AE1818 /* Calculator */ = {
			isa = PBXGroup;
			children = (
				F9EFE6651C5F16DF00AE1818 /* ViewController.swift */,
				F9EFE6671C5F16DF00AE1818 /* Main.storyboard */,
				F908710D1C6068A9001F5B7E /* CalculatorBrain.swift */,
				F9EFE66F1C5F16DF00AE1818 /* Info.plist */,
				F9EFE66C1C5F16DF00AE1818 /* LaunchScreen.storyboard */,
				F9EFE66A1C5F16DF00AE1818 /* Assets.xcassets */,
				F9EFE6631C5F16DF00AE1818 /* AppDelegate.swift */,
			);
			path = Calculator;
			sourceTree = "<group>";
		};
/* End PBXGroup section */

/* Begin PBXNativeTarget section */
		F9EFE65F1C5F16DF00AE1818 /* Calculator */ = {
			isa = PBXNativeTarget;
			buildConfigurationList = F9EFE6721C5F16DF00AE1818 /* Build configuration list for PBXNativeTarget "Calculator" */;
			buildPhases = (
				F9EFE65C1C5F16DF00AE1818 /* Sources */,
				F9EFE65D1C5F16DF00AE1818 /* Frameworks */,
				F9EFE65E1C5F16DF00AE1818 /* Resources */,
			);
			buildRules = (
			);
			dependencies = (
			);
			name = Calculator;
			productName = Calculator;
			productReference = F9EFE6601C5F16DF00AE1818 /* Calculator.app */;
			productType = "com.apple.product-type.application";
		};
/* End PBXNativeTarget section */

/* Begin PBXProject section */
		F9EFE6581C5F16DF00AE1818 /* Project object */ = {
			isa = PBXProject;
			attributes = {
				LastSwiftUpdateCheck = 0720;
				LastUpgradeCheck = 0720;
				ORGANIZATIONNAME = "Bryan Brem";
				TargetAttributes = {
					F9EFE65F1C5F16DF00AE1818 = {
						CreatedOnToolsVersion = 7.2;
					};
				};
			};
			buildConfigurationList = F9EFE65B1C5F16DF00AE1818 /* Build configuration list for PBXProject "Calculator" */;
			compatibilityVersion = "Xcode 3.2";
			developmentRegion = English;
			hasScannedForEncodings = 0;
			knownRegions = (
				en,
				Base,
			);
			mainGroup = F9EFE6571C5F16DF00AE1818;
			productRefGroup = F9EFE6611C5F16DF00AE1818 /* Products */;
			projectDirPath = "";
			projectRoot = "";
			targets = (
				F9EFE65F1C5F16DF00AE1818 /* Calculator */,
			);
		};
/* End PBXProject section */

/* Begin PBXResourcesBuildPhase section */
		F9EFE65E1C5F16DF00AE1818 /* Resources */ = {
			isa = PBXResourcesBuildPhase;
			buildActionMask = 2147483647;
			files = (
				F9EFE66E1C5F16DF00AE1818 /* LaunchScreen.storyboard in Resources */,
				F9EFE66B1C5F16DF00AE1818 /* Assets.xcassets in Resources */,
				F9EFE6691C5F16DF00AE1818 /* Main.storyboard in Resources */,
			);
			runOnlyForDeploymentPostprocessing = 0;
		};
/* End PBXResourcesBuildPhase section */

/* Begin PBXSourcesBuildPhase section */
		F9EFE65C1C5F16DF00AE1818 /* Sources */ = {
			isa = PBXSourcesBuildPhase;
			buildActionMask = 2147483647;
			files = (
				F908710E1C6068A9001F5B7E /* CalculatorBrain.swift in Sources */,
				F9EFE6661C5F16DF00AE1818 /* ViewController.swift in Sources */,
				F9EFE6641C5F16DF00AE1818 /* AppDelegate.swift in Sources */,
			);
			runOnlyForDeploymentPostprocessing = 0;
		};
/* End PBXSourcesBuildPhase section */

/* Begin PBXVariantGroup section */
		F9EFE6671C5F16DF00AE1818 /* Main.storyboard */ = {
			isa = PBXVariantGroup;
			children = (
				F9EFE6681C5F16DF00AE1818 /* Base */,
			);
			name = Main.storyboard;
			sourceTree = "<group>";
		};
		F9EFE66C1C5F16DF00AE1818 /* LaunchScreen.storyboard */ = {
			isa = PBXVariantGroup;
			children = (
				F9EFE66D1C5F16DF00AE1818 /* Base */,
			);
			name = LaunchScreen.storyboard;
			sourceTree = "<group>";
		};
/* End PBXVariantGroup section */

/* Begin XCBuildConfiguration section */
		F9EFE6701C5F16DF00AE1818 /* Debug */ = {
			isa = XCBuildConfiguration;
			buildSettings = {
				ALWAYS_SEARCH_USER_PATHS = NO;
				CLANG_CXX_LANGUAGE_STANDARD = "gnu++0x";
				CLANG_CXX_LIBRARY = "libc++";
				CLANG_ENABLE_MODULES = YES;
				CLANG_ENABLE_OBJC_ARC = YES;
				CLANG_WARN_BOOL_CONVERSION = YES;
				CLANG_WARN_CONSTANT_CONVERSION = YES;
				CLANG_WARN_DIRECT_OBJC_ISA_USAGE = YES_ERROR;
				CLANG_WARN_EMPTY_BODY = YES;
				CLANG_WARN_ENUM_CONVERSION = YES;
				CLANG_WARN_INT_CONVERSION = YES;
				CLANG_WARN_OBJC_ROOT_CLASS = YES_ERROR;
				CLANG_WARN_UNREACHABLE_CODE = YES;
				CLANG_WARN__DUPLICATE_METHOD_MATCH = YES;
				"CODE_SIGN_IDENTITY[sdk=iphoneos*]" = "iPhone Developer";
				COPY_PHASE_STRIP = NO;
				DEBUG_INFORMATION_FORMAT = dwarf;
				ENABLE_STRICT_OBJC_MSGSEND = YES;
				ENABLE_TESTABILITY = YES;
				GCC_C_LANGUAGE_STANDARD = gnu99;
				GCC_DYNAMIC_NO_PIC = NO;
				GCC_NO_COMMON_BLOCKS = YES;
				GCC_OPTIMIZATION_LEVEL = 0;
				GCC_PREPROCESSOR_DEFINITIONS = (
					"DEBUG=1",
					"$(inherited)",
				);
				GCC_WARN_64_TO_32_BIT_CONVERSION = YES;
				GCC_WARN_ABOUT_RETURN_TYPE = YES_ERROR;
				GCC_WARN_UNDECLARED_SELECTOR = YES;
				GCC_WARN_UNINITIALIZED_AUTOS = YES_AGGRESSIVE;
				GCC_WARN_UNUSED_FUNCTION = YES;
				GCC_WARN_UNUSED_VARIABLE = YES;
				IPHONEOS_DEPLOYMENT_TARGET = 9.2;
				MTL_ENABLE_DEBUG_INFO = YES;
				ONLY_ACTIVE_ARCH = YES;
				SDKROOT = iphoneos;
				SWIFT_OPTIMIZATION_LEVEL = "-Onone";
				TARGETED_DEVICE_FAMILY = "1,2";
			};
			name = Debug;
		};
		F9EFE6711C5F16DF00AE1818 /* Release */ = {
			isa = XCBuildConfiguration;
			buildSettings = {
				ALWAYS_SEARCH_USER_PATHS = NO;
				CLANG_CXX_LANGUAGE_STANDARD = "gnu++0x";
				CLANG_CXX_LIBRARY = "libc++";
				CLANG_ENABLE_MODULES = YES;
				CLANG_ENABLE_OBJC_ARC = YES;
				CLANG_WARN_BOOL_CONVERSION = YES;
				CLANG_WARN_CONSTANT_CONVERSION = YES;
				CLANG_WARN_DIRECT_OBJC_ISA_USAGE = YES_ERROR;
				CLANG_WARN_EMPTY_BODY = YES;
				CLANG_WARN_ENUM_CONVERSION = YES;
				CLANG_WARN_INT_CONVERSION = YES;
				CLANG_WARN_OBJC_ROOT_CLASS = YES_ERROR;
				CLANG_WARN_UNREACHABLE_CODE = YES;
				CLANG_WARN__DUPLICATE_METHOD_MATCH = YES;
				"CODE_SIGN_IDENTITY[sdk=iphoneos*]" = "iPhone Developer";
				COPY_PHASE_STRIP = NO;
				DEBUG_INFORMATION_FORMAT = "dwarf-with-dsym";
				ENABLE_NS_ASSERTIONS = NO;
				ENABLE_STRICT_OBJC_MSGSEND = YES;
				GCC_C_LANGUAGE_STANDARD = gnu99;
				GCC_NO_COMMON_BLOCKS = YES;
				GCC_WARN_64_TO_32_BIT_CONVERSION = YES;
				GCC_WARN_ABOUT_RETURN_TYPE = YES_ERROR;
				GCC_WARN_UNDECLARED_SELECTOR = YES;
				GCC_WARN_UNINITIALIZED_AUTOS = YES_AGGRESSIVE;
				GCC_WARN_UNUSED_FUNCTION = YES;
				GCC_WARN_UNUSED_VARIABLE = YES;
				IPHONEOS_DEPLOYMENT_TARGET = 9.2;
				MTL_ENABLE_DEBUG_INFO = NO;
				SDKROOT = iphoneos;
				TARGETED_DEVICE_FAMILY = "1,2";
				VALIDATE_PRODUCT = YES;
			};
			name = Release;
		};
		F9EFE6731C5F16DF00AE1818 /* Debug */ = {
			isa = XCBuildConfiguration;
			buildSettings = {
				ASSETCATALOG_COMPILER_APPICON_NAME = AppIcon;
				INFOPLIST_FILE = Calculator/Info.plist;
				LD_RUNPATH_SEARCH_PATHS = "$(inherited) @executable_path/Frameworks";
				PRODUCT_BUNDLE_IDENTIFIER = "The-Cabin.Calculator";
				PRODUCT_NAME = "$(TARGET_NAME)";
			};
			name = Debug;
		};
		F9EFE6741C5F16DF00AE1818 /* Release */ = {
			isa = XCBuildConfiguration;
			buildSettings = {
				ASSETCATALOG_COMPILER_APPICON_NAME = AppIcon;
				INFOPLIST_FILE = Calculator/Info.plist;
				LD_RUNPATH_SEARCH_PATHS = "$(inherited) @executable_path/Frameworks";
				PRODUCT_BUNDLE_IDENTIFIER = "The-Cabin.Calculator";
				PRODUCT_NAME = "$(TARGET_NAME)";
			};
			name = Release;
		};
/* End XCBuildConfiguration section */

/* Begin XCConfigurationList section */
		F9EFE65B1C5F16DF00AE1818 /* Build configuration list for PBXProject "Calculator" */ = {
			isa = XCConfigurationList;
			buildConfigurations = (
				F9EFE6701C5F16DF00AE1818 /* Debug */,
				F9EFE6711C5F16DF00AE1818 /* Release */,
			);
			defaultConfigurationIsVisible = 0;
			defaultConfigurationName = Release;
		};
		F9EFE6721C5F16DF00AE1818 /* Build configuration list for PBXNativeTarget "Calculator" */ = {
			isa = XCConfigurationList;
			buildConfigurations = (
				F9EFE6731C5F16DF00AE1818 /* Debug */,
				F9EFE6741C5F16DF00AE1818 /* Release */,
			);
			defaultConfigurationIsVisible = 0;
			defaultConfigurationName = Release;
		};
/* End XCConfigurationList section */
	};
	rootObject = F9EFE6581C5F16DF00AE1818 /* Project object */;
}
